version = 1
requires-python = ">=3.12"

[[package]]
name = "asgiref"
version = "3.8.1"
source = { registry = "https://pypi.org/simple" }
sdist = { url = "https://files.pythonhosted.org/packages/29/38/b3395cc9ad1b56d2ddac9970bc8f4141312dbaec28bc7c218b0dfafd0f42/asgiref-3.8.1.tar.gz", hash = "sha256:c343bd80a0bec947a9860adb4c432ffa7db769836c64238fc34bdc3fec84d590", size = 35186 }
wheels = [
    { url = "https://files.pythonhosted.org/packages/39/e3/893e8757be2612e6c266d9bb58ad2e3651524b5b40cf56761e985a28b13e/asgiref-3.8.1-py3-none-any.whl", hash = "sha256:3e1e3ecc849832fe52ccf2cb6686b7a55f82bb1d6aee72a58826471390335e47", size = 23828 },
]

[[package]]
name = "django"
version = "5.0"
source = { registry = "https://pypi.org/simple" }
dependencies = [
    { name = "asgiref" },
    { name = "sqlparse" },
    { name = "tzdata", marker = "sys_platform == 'win32'" },
]
sdist = { url = "https://files.pythonhosted.org/packages/be/a6/46e250737d46e955e048f6bbc2948fb22f0de3f3ab828d3803070dc1260e/Django-5.0.tar.gz", hash = "sha256:7d29e14dfbc19cb6a95a4bd669edbde11f5d4c6a71fdaa42c2d40b6846e807f7", size = 10585390 }
wheels = [
    { url = "https://files.pythonhosted.org/packages/ba/c7/61b02c0ef9e129080a8c2bffefb3cb2b9ddddece4c44dc473c1c4f0647c1/Django-5.0-py3-none-any.whl", hash = "sha256:3a9fd52b8dbeae335ddf4a9dfa6c6a0853a1122f1fb071a8d5eca979f73a05c8", size = 8136382 },
]

[[package]]
name = "django-allauth"
version = "65.0.2"
source = { registry = "https://pypi.org/simple" }
dependencies = [
    { name = "django" },
]
sdist = { url = "https://files.pythonhosted.org/packages/b3/98/9013e6859a3fb2716c6e6091583e906e8a48262c4ee9a2a4d2a01f7cfefc/django_allauth-65.0.2.tar.gz", hash = "sha256:6b5b3a7a65b1c28078b6eb0dd234310b58a44e8addfd187dc30437b0b2bc41a5", size = 1278378 }

[[package]]
name = "django-debug-toolbar"
version = "4.4.2"
source = { registry = "https://pypi.org/simple" }
dependencies = [
    { name = "django" },
    { name = "sqlparse" },
]
sdist = { url = "https://files.pythonhosted.org/packages/b8/f0/eaebe83568e7ba9537139d4bde978fa25173226cd30743585e48f5b8e6d6/django_debug_toolbar-4.4.2.tar.gz", hash = "sha256:9204050fcb1e4f74216c5b024bc76081451926a6303993d6c513f5e142675927", size = 267356 }
wheels = [
    { url = "https://files.pythonhosted.org/packages/a1/23/48293c358c380b151eec5a1370c85d66a3930768d54adc4fdaa880a120e6/django_debug_toolbar-4.4.2-py3-none-any.whl", hash = "sha256:5d7afb2ea5f8730241e5b0735396e16cd1fd8c6b53a2f3e1e30bbab9abb23728", size = 226423 },
]

[[package]]
name = "django-environ"
version = "0.11.2"
source = { registry = "https://pypi.org/simple" }
sdist = { url = "https://files.pythonhosted.org/packages/d6/0b/f2c024529ee4bbf8b95176eebeb86c6e695192a9ce0e91059cb83a33c1d3/django-environ-0.11.2.tar.gz", hash = "sha256:f32a87aa0899894c27d4e1776fa6b477e8164ed7f6b3e410a62a6d72caaf64be", size = 54326 }
wheels = [
    { url = "https://files.pythonhosted.org/packages/c4/f1/468b49cccba3b42dda571063a14c668bb0b53a1d5712426d18e36663bd53/django_environ-0.11.2-py2.py3-none-any.whl", hash = "sha256:0ff95ab4344bfeff693836aa978e6840abef2e2f1145adff7735892711590c05", size = 19141 },
]

[[package]]
name = "pillow"
version = "10.3.0"
source = { registry = "https://pypi.org/simple" }
sdist = { url = "https://files.pythonhosted.org/packages/ef/43/c50c17c5f7d438e836c169e343695534c38c77f60e7c90389bd77981bc21/pillow-10.3.0.tar.gz", hash = "sha256:9d2455fbf44c914840c793e89aa82d0e1763a14253a000743719ae5946814b2d", size = 46572854 }
wheels = [
    { url = "https://files.pythonhosted.org/packages/cc/5d/b7fcd38cba0f7706f64c1674fc9f018e4c64f791770598c44affadea7c2f/pillow-10.3.0-cp312-cp312-macosx_10_10_x86_64.whl", hash = "sha256:e46f38133e5a060d46bd630faa4d9fa0202377495df1f068a8299fd78c84de84", size = 3528535 },
    { url = "https://files.pythonhosted.org/packages/5e/77/4cf407e7b033b4d8e5fcaac295b6e159cf1c70fa105d769f01ea2e1e5eca/pillow-10.3.0-cp312-cp312-macosx_11_0_arm64.whl", hash = "sha256:50b8eae8f7334ec826d6eeffaeeb00e36b5e24aa0b9df322c247539714c6df19", size = 3352281 },
    { url = "https://files.pythonhosted.org/packages/53/7b/4f7b153a776725a87797d744ea1c73b83ac0b723f5e379297605dee118eb/pillow-10.3.0-cp312-cp312-manylinux_2_17_aarch64.manylinux2014_aarch64.whl", hash = "sha256:9d3bea1c75f8c53ee4d505c3e67d8c158ad4df0d83170605b50b64025917f338", size = 4321427 },
    { url = "https://files.pythonhosted.org/packages/45/08/d2cc751b790e77464f8648aa707e2327d6da5d95cf236a532e99c2e7a499/pillow-10.3.0-cp312-cp312-manylinux_2_17_x86_64.manylinux2014_x86_64.whl", hash = "sha256:19aeb96d43902f0a783946a0a87dbdad5c84c936025b8419da0a0cd7724356b1", size = 4435915 },
    { url = "https://files.pythonhosted.org/packages/ef/97/f69d1932cf45bf5bd9fa1e2ae57bdf716524faa4fa9fb7dc62cdb1a19113/pillow-10.3.0-cp312-cp312-manylinux_2_28_aarch64.whl", hash = "sha256:74d28c17412d9caa1066f7a31df8403ec23d5268ba46cd0ad2c50fb82ae40462", size = 4347392 },
    { url = "https://files.pythonhosted.org/packages/c6/c1/3521ddb9c1f3ac106af3e4512a98c785b6ed8a39e0f778480b8a4d340165/pillow-10.3.0-cp312-cp312-manylinux_2_28_x86_64.whl", hash = "sha256:ff61bfd9253c3915e6d41c651d5f962da23eda633cf02262990094a18a55371a", size = 4514536 },
    { url = "https://files.pythonhosted.org/packages/c0/6f/347c241904a6514e59515284b01ba6f61765269a0d1a19fd2e6cbe331c8a/pillow-10.3.0-cp312-cp312-musllinux_1_1_aarch64.whl", hash = "sha256:d886f5d353333b4771d21267c7ecc75b710f1a73d72d03ca06df49b09015a9ef", size = 4555987 },
    { url = "https://files.pythonhosted.org/packages/c3/e2/3cc490c6b2e262713da82ce849c34bd8e6c31242afb53be8595d820b9877/pillow-10.3.0-cp312-cp312-musllinux_1_1_x86_64.whl", hash = "sha256:4b5ec25d8b17217d635f8935dbc1b9aa5907962fae29dff220f2659487891cd3", size = 4623526 },
    { url = "https://files.pythonhosted.org/packages/c1/b3/0209f70fa29b383e7618e47db95712a45788dea03bb960601753262a2883/pillow-10.3.0-cp312-cp312-win32.whl", hash = "sha256:51243f1ed5161b9945011a7360e997729776f6e5d7005ba0c6879267d4c5139d", size = 2217547 },
    { url = "https://files.pythonhosted.org/packages/d3/23/3927d888481ff7c44fdbca3bc2a2e97588c933db46723bf115201377c436/pillow-10.3.0-cp312-cp312-win_amd64.whl", hash = "sha256:412444afb8c4c7a6cc11a47dade32982439925537e483be7c0ae0cf96c4f6a0b", size = 2531641 },
    { url = "https://files.pythonhosted.org/packages/db/36/1ecaa0541d3a1b1362f937d386eeb1875847bfa06d5225f1b0e1588d1007/pillow-10.3.0-cp312-cp312-win_arm64.whl", hash = "sha256:798232c92e7665fe82ac085f9d8e8ca98826f8e27859d9a96b41d519ecd2e49a", size = 2229746 },
]

[[package]]
name = "psycopg2"
version = "2.9.9"
source = { registry = "https://pypi.org/simple" }
sdist = { url = "https://files.pythonhosted.org/packages/c9/5e/dc6acaf46d78979d6b03458b7a1618a68e152a6776fce95daac5e0f0301b/psycopg2-2.9.9.tar.gz", hash = "sha256:d1454bde93fb1e224166811694d600e746430c006fbb031ea06ecc2ea41bf156", size = 384926 }
wheels = [
    { url = "https://files.pythonhosted.org/packages/13/13/f74ffe6b6f58822e807c70391dc5679a53feb92ce119ccb8a6546c3fb893/psycopg2-2.9.9-cp312-cp312-win32.whl", hash = "sha256:d735786acc7dd25815e89cc4ad529a43af779db2e25aa7c626de864127e5a024", size = 1024634 },
    { url = "https://files.pythonhosted.org/packages/58/4b/c4a26e191882b60150bfcb639e416524ae7f8249ab7ee854fb5247f16c40/psycopg2-2.9.9-cp312-cp312-win_amd64.whl", hash = "sha256:a7653d00b732afb6fc597e29c50ad28087dcb4fbfb28e86092277a559ae4e693", size = 1163789 },
]

[[package]]
name = "ruff"
version = "0.6.9"
source = { registry = "https://pypi.org/simple" }
sdist = { url = "https://files.pythonhosted.org/packages/26/0d/6148a48dab5662ca1d5a93b7c0d13c03abd3cc7e2f35db08410e47cef15d/ruff-0.6.9.tar.gz", hash = "sha256:b076ef717a8e5bc819514ee1d602bbdca5b4420ae13a9cf61a0c0a4f53a2baa2", size = 3095355 }
wheels = [
    { url = "https://files.pythonhosted.org/packages/6e/8f/f7a0a0ef1818662efb32ed6df16078c95da7a0a3248d64c2410c1e27799f/ruff-0.6.9-py3-none-linux_armv6l.whl", hash = "sha256:064df58d84ccc0ac0fcd63bc3090b251d90e2a372558c0f057c3f75ed73e1ccd", size = 10440526 },
    { url = "https://files.pythonhosted.org/packages/8b/69/b179a5faf936a9e2ab45bb412a668e4661eded964ccfa19d533f29463ef6/ruff-0.6.9-py3-none-macosx_10_12_x86_64.whl", hash = "sha256:140d4b5c9f5fc7a7b074908a78ab8d384dd7f6510402267bc76c37195c02a7ec", size = 10034612 },
    { url = "https://files.pythonhosted.org/packages/c7/ef/fd1b4be979c579d191eeac37b5cfc0ec906de72c8bcd8595e2c81bb700c1/ruff-0.6.9-py3-none-macosx_11_0_arm64.whl", hash = "sha256:53fd8ca5e82bdee8da7f506d7b03a261f24cd43d090ea9db9a1dc59d9313914c", size = 9706197 },
    { url = "https://files.pythonhosted.org/packages/29/61/b376d775deb5851cb48d893c568b511a6d3625ef2c129ad5698b64fb523c/ruff-0.6.9-py3-none-manylinux_2_17_aarch64.manylinux2014_aarch64.whl", hash = "sha256:645d7d8761f915e48a00d4ecc3686969761df69fb561dd914a773c1a8266e14e", size = 10751855 },
    { url = "https://files.pythonhosted.org/packages/13/d7/def9e5f446d75b9a9c19b24231a3a658c075d79163b08582e56fa5dcfa38/ruff-0.6.9-py3-none-manylinux_2_17_armv7l.manylinux2014_armv7l.whl", hash = "sha256:eae02b700763e3847595b9d2891488989cac00214da7f845f4bcf2989007d577", size = 10200889 },
    { url = "https://files.pythonhosted.org/packages/6c/d6/7f34160818bcb6e84ce293a5966cba368d9112ff0289b273fbb689046047/ruff-0.6.9-py3-none-manylinux_2_17_i686.manylinux2014_i686.whl", hash = "sha256:7d5ccc9e58112441de8ad4b29dcb7a86dc25c5f770e3c06a9d57e0e5eba48829", size = 11038678 },
    { url = "https://files.pythonhosted.org/packages/13/34/a40ff8ae62fb1b26fb8e6fa7e64bc0e0a834b47317880de22edd6bfb54fb/ruff-0.6.9-py3-none-manylinux_2_17_ppc64.manylinux2014_ppc64.whl", hash = "sha256:417b81aa1c9b60b2f8edc463c58363075412866ae4e2b9ab0f690dc1e87ac1b5", size = 11808682 },
    { url = "https://files.pythonhosted.org/packages/2e/6d/25a4386ae4009fc798bd10ba48c942d1b0b3e459b5403028f1214b6dd161/ruff-0.6.9-py3-none-manylinux_2_17_ppc64le.manylinux2014_ppc64le.whl", hash = "sha256:3c866b631f5fbce896a74a6e4383407ba7507b815ccc52bcedabb6810fdb3ef7", size = 11330446 },
    { url = "https://files.pythonhosted.org/packages/f7/f6/bdf891a9200d692c94ebcd06ae5a2fa5894e522f2c66c2a12dd5d8cb2654/ruff-0.6.9-py3-none-manylinux_2_17_s390x.manylinux2014_s390x.whl", hash = "sha256:7b118afbb3202f5911486ad52da86d1d52305b59e7ef2031cea3425142b97d6f", size = 12483048 },
    { url = "https://files.pythonhosted.org/packages/a7/86/96f4252f41840e325b3fa6c48297e661abb9f564bd7dcc0572398c8daa42/ruff-0.6.9-py3-none-manylinux_2_17_x86_64.manylinux2014_x86_64.whl", hash = "sha256:a67267654edc23c97335586774790cde402fb6bbdb3c2314f1fc087dee320bfa", size = 10936855 },
    { url = "https://files.pythonhosted.org/packages/45/87/801a52d26c8dbf73424238e9908b9ceac430d903c8ef35eab1b44fcfa2bd/ruff-0.6.9-py3-none-musllinux_1_2_aarch64.whl", hash = "sha256:3ef0cc774b00fec123f635ce5c547dac263f6ee9fb9cc83437c5904183b55ceb", size = 10713007 },
    { url = "https://files.pythonhosted.org/packages/be/27/6f7161d90320a389695e32b6ebdbfbedde28ccbf52451e4b723d7ce744ad/ruff-0.6.9-py3-none-musllinux_1_2_armv7l.whl", hash = "sha256:12edd2af0c60fa61ff31cefb90aef4288ac4d372b4962c2864aeea3a1a2460c0", size = 10274594 },
    { url = "https://files.pythonhosted.org/packages/00/52/dc311775e7b5f5b19831563cb1572ecce63e62681bccc609867711fae317/ruff-0.6.9-py3-none-musllinux_1_2_i686.whl", hash = "sha256:55bb01caeaf3a60b2b2bba07308a02fca6ab56233302406ed5245180a05c5625", size = 10608024 },
    { url = "https://files.pythonhosted.org/packages/98/b6/be0a1ddcbac65a30c985cf7224c4fce786ba2c51e7efeb5178fe410ed3cf/ruff-0.6.9-py3-none-musllinux_1_2_x86_64.whl", hash = "sha256:925d26471fa24b0ce5a6cdfab1bb526fb4159952385f386bdcc643813d472039", size = 10982085 },
    { url = "https://files.pythonhosted.org/packages/bb/a4/c84bc13d0b573cf7bb7d17b16d6d29f84267c92d79b2f478d4ce322e8e72/ruff-0.6.9-py3-none-win32.whl", hash = "sha256:eb61ec9bdb2506cffd492e05ac40e5bc6284873aceb605503d8494180d6fc84d", size = 8522088 },
    { url = "https://files.pythonhosted.org/packages/74/be/fc352bd8ca40daae8740b54c1c3e905a7efe470d420a268cd62150248c91/ruff-0.6.9-py3-none-win_amd64.whl", hash = "sha256:785d31851c1ae91f45b3d8fe23b8ae4b5170089021fbb42402d811135f0b7117", size = 9359275 },
    { url = "https://files.pythonhosted.org/packages/3e/14/fd026bc74ded05e2351681545a5f626e78ef831f8edce064d61acd2e6ec7/ruff-0.6.9-py3-none-win_arm64.whl", hash = "sha256:a9641e31476d601f83cd602608739a0840e348bda93fec9f1ee816f8b6798b93", size = 8679879 },
]

[[package]]
name = "social-media"
version = "0.1.0"
source = { virtual = "." }
dependencies = [
    { name = "django" },
    { name = "django-allauth" },
    { name = "django-debug-toolbar" },
    { name = "django-environ" },
    { name = "pillow" },
    { name = "psycopg2" },
    { name = "ruff" },
    { name = "uv" },
]

[package.metadata]
requires-dist = [
    { name = "django", specifier = "==5.0" },
    { name = "django-allauth" },
    { name = "django-debug-toolbar", specifier = "==4.4.2" },
    { name = "django-environ", specifier = "==0.11.2" },
    { name = "pillow", specifier = "==10.3.0" },
    { name = "psycopg2", specifier = "==2.9.9" },
    { name = "ruff" },
    { name = "uv" },
]

[[package]]
name = "sqlparse"
version = "0.5.1"
source = { registry = "https://pypi.org/simple" }
sdist = { url = "https://files.pythonhosted.org/packages/73/82/dfa23ec2cbed08a801deab02fe7c904bfb00765256b155941d789a338c68/sqlparse-0.5.1.tar.gz", hash = "sha256:bb6b4df465655ef332548e24f08e205afc81b9ab86cb1c45657a7ff173a3a00e", size = 84502 }
wheels = [
    { url = "https://files.pythonhosted.org/packages/5d/a5/b2860373aa8de1e626b2bdfdd6df4355f0565b47e51f7d0c54fe70faf8fe/sqlparse-0.5.1-py3-none-any.whl", hash = "sha256:773dcbf9a5ab44a090f3441e2180efe2560220203dc2f8c0b0fa141e18b505e4", size = 44156 },
]

[[package]]
name = "tzdata"
version = "2024.2"
source = { registry = "https://pypi.org/simple" }
sdist = { url = "https://files.pythonhosted.org/packages/e1/34/943888654477a574a86a98e9896bae89c7aa15078ec29f490fef2f1e5384/tzdata-2024.2.tar.gz", hash = "sha256:7d85cc416e9382e69095b7bdf4afd9e3880418a2413feec7069d533d6b4e31cc", size = 193282 }
wheels = [
    { url = "https://files.pythonhosted.org/packages/a6/ab/7e5f53c3b9d14972843a647d8d7a853969a58aecc7559cb3267302c94774/tzdata-2024.2-py2.py3-none-any.whl", hash = "sha256:a48093786cdcde33cad18c2555e8532f34422074448fbc874186f0abd79565cd", size = 346586 },
]

[[package]]
name = "uv"
version = "0.4.19"
source = { registry = "https://pypi.org/simple" }
sdist = { url = "https://files.pythonhosted.org/packages/1d/b9/a54d3a414be4b70b5b0bab6ddf86da9ac6f31bb5bd072828a38cbb6a0fcf/uv-0.4.19.tar.gz", hash = "sha256:c15bdf8bb443d4f27369522f882229e908eeccb7c17d0f0c5d33a02570657f37", size = 1992000 }
wheels = [
    { url = "https://files.pythonhosted.org/packages/f9/e8/e0c9fe414aa88009e9f3181da079c995e5d4d095c14855ce6ce8aa366796/uv-0.4.19-py3-none-linux_armv6l.whl", hash = "sha256:d53399b9d35fe20bb610e207f3bac2a0da67e4bc7f39710f4947f0c69d3e72e3", size = 12490657 },
    { url = "https://files.pythonhosted.org/packages/5e/f4/5b8259168d0cb8bd7eb75713a186aee64fd3ffd56c702939aba63324104a/uv-0.4.19-py3-none-macosx_10_12_x86_64.whl", hash = "sha256:c198d0f9ec659b69c4b95bcddf99e51f7d3b89701ccb017ea0bcfdb180e1afd8", size = 12741987 },
    { url = "https://files.pythonhosted.org/packages/c2/f2/e925f79d0196c524c17fdbe80aeef733aed13f577a46a784b0ec4b7c93b5/uv-0.4.19-py3-none-macosx_11_0_arm64.whl", hash = "sha256:c35c295cdbc391d507649ba2556f4149854e278bb40320be2572baa841ec4124", size = 11792970 },
    { url = "https://files.pythonhosted.org/packages/fc/c4/1f2af3e0baaea560673d206f47e660edd3d0c4cfb710961227215ec08c0d/uv-0.4.19-py3-none-manylinux_2_17_aarch64.manylinux2014_aarch64.musllinux_1_1_aarch64.whl", hash = "sha256:12bf974a29cef86640e450b310d8f02e8da9a491f8370768acf77ed329444354", size = 12048764 },
    { url = "https://files.pythonhosted.org/packages/10/79/f232baa3eece8fab65eaf70c77f2a84abf957bc0e80670bb4a4f9cbfd8b1/uv-0.4.19-py3-none-manylinux_2_17_armv7l.manylinux2014_armv7l.whl", hash = "sha256:05701336c1d32f375cf491594b2ed629dab59f58771cefd65a0b1e057b2e89cc", size = 12308601 },
    { url = "https://files.pythonhosted.org/packages/db/a9/056fc630016a8c1aa9a939bb8fc71d02602ee5915acb038a2335cbb9fe52/uv-0.4.19-py3-none-manylinux_2_17_i686.manylinux2014_i686.whl", hash = "sha256:dba5ef7fb32129d77b4876de9ef0888849a112220c6d399823c1f266d009e630", size = 13045474 },
    { url = "https://files.pythonhosted.org/packages/6d/c7/cc8196ebaa8b86d68132889dc398078fc83a1e7c9b648b857b132295b7c2/uv-0.4.19-py3-none-manylinux_2_17_ppc64.manylinux2014_ppc64.whl", hash = "sha256:26fdfc0e0a33e71acd6887c0d5098536c65058d52b3e59698aa12b2e797f59f7", size = 13660583 },
    { url = "https://files.pythonhosted.org/packages/42/9f/4432c72f73c2b809242167c6252ac8f2a581a45a2c69256a84849f0e5458/uv-0.4.19-py3-none-manylinux_2_17_ppc64le.manylinux2014_ppc64le.whl", hash = "sha256:0f2faf007734294020dd7ace4d1644409c2905c467da0b127ab08738d18028b2", size = 13388159 },
    { url = "https://files.pythonhosted.org/packages/c1/f4/202ea785c769feed0b528fe87c6e28741275e85de57cb65aa5730e88f5a2/uv-0.4.19-py3-none-manylinux_2_17_s390x.manylinux2014_s390x.whl", hash = "sha256:13b26e2a84a8bad312f2ada6d00c33bd2856f0b034c22719b20b83fb785d4d7b", size = 17578149 },
    { url = "https://files.pythonhosted.org/packages/f2/b2/a9d10321e9c68c44c4caf88de1f49b42291c2855c2e543ac9ea143d5c5eb/uv-0.4.19-py3-none-manylinux_2_17_x86_64.manylinux2014_x86_64.whl", hash = "sha256:552bfbd6266eaa7aefef92fc8ff39e0a60e0306053daf21eabd76338f74dad3a", size = 13195372 },
    { url = "https://files.pythonhosted.org/packages/79/b9/a7ac3bfeaee02a50e097c3983cc530b5a593246f8eedb29e716b52a6f6ef/uv-0.4.19-py3-none-manylinux_2_28_aarch64.whl", hash = "sha256:7d33befa9715683794d734fbb3ff69512518258bc9341537a1f70ec7123d0e3c", size = 12218273 },
    { url = "https://files.pythonhosted.org/packages/52/a3/265b31f3b980240857ee5d32776e801bea35ce9bd3c1f5aff2e6e2601f4c/uv-0.4.19-py3-none-musllinux_1_1_armv7l.whl", hash = "sha256:99d7cb456f0c6f15f725134ce0e577fda690131f1c4e3f5b3279be31509ed495", size = 12288093 },
    { url = "https://files.pythonhosted.org/packages/c2/4c/382f1758954b86050408aa2b5eb9e48609be041614a3d2279e53cab0282f/uv-0.4.19-py3-none-musllinux_1_1_i686.whl", hash = "sha256:a43ef94d9ac7adec14d84fd1b51263bce5a689bc66e308ce1be7d0df73d9196d", size = 12781752 },
    { url = "https://files.pythonhosted.org/packages/93/5f/cda5f6cff67553928aea40124a8e2597a327dfea1713923ddddb9a3af3ee/uv-0.4.19-py3-none-musllinux_1_1_ppc64le.whl", hash = "sha256:7d63288b4a4ab2a3eb0bb493632eb483b08d062d586bfbef95339ade9df03473", size = 14490983 },
    { url = "https://files.pythonhosted.org/packages/2e/e1/d06bf8d66084ef861beb007f02af0da7826deb3178d6061409f82845e80f/uv-0.4.19-py3-none-musllinux_1_1_x86_64.whl", hash = "sha256:fbc20b677ada15bd4c2783699a408973164add9977603115b35f1ffe84bf8b30", size = 13300812 },
    { url = "https://files.pythonhosted.org/packages/85/ce/106210ef353e9978d3a18b4328ce282448abcbc376b6ce9d8be06980b53b/uv-0.4.19-py3-none-win32.whl", hash = "sha256:508cab0c3ecdf46d33f9fc968726652f5cadc5ef22148b1d3c0f74dddc5ab9e5", size = 12522949 },
    { url = "https://files.pythonhosted.org/packages/c4/1c/5b7cc742f09f4086e5541f0bf5b38f572aad680296b29ccbca67dcaaf6ba/uv-0.4.19-py3-none-win_amd64.whl", hash = "sha256:c0bfcdc084e2cdad771c0ee01c89efe7311f318c075ba1b47f6b7a0b144456b2", size = 14131350 },
]
